
Microsoft Visual Studio Solution File, Format Version 12.00
# Visual Studio Version 16
VisualStudioVersion = 16.0.30413.136
MinimumVisualStudioVersion = 10.0.40219.1
Project("{FAE04EC0-301F-11D3-BF4B-00C04F79EFBC}") = "Task1", "Task1\Task1.csproj", "{90BDBFDC-5CCB-42B7-AA2D-B8052DCD460F}"
EndProject
Project("{FAE04EC0-301F-11D3-BF4B-00C04F79EFBC}") = "Task2", "Task2\Task2.csproj", "{79F5523B-B6E2-46B5-95E9-AD1F1A1055B1}"
EndProject
Global
	GlobalSection(SolutionConfigurationPlatforms) = preSolution
		Debug|Any CPU = Debug|Any CPU
		Release|Any CPU = Release|Any CPU
	EndGlobalSection
	GlobalSection(ProjectConfigurationPlatforms) = postSolution
		{90BDBFDC-5CCB-42B7-AA2D-B8052DCD460F}.Debug|Any CPU.ActiveCfg = Debug|Any CPU
		{90BDBFDC-5CCB-42B7-AA2D-B8052DCD460F}.Debug|Any CPU.Build.0 = Debug|Any CPU
		{90BDBFDC-5CCB-42B7-AA2D-B8052DCD460F}.Release|Any CPU.ActiveCfg = Release|Any CPU
		{90BDBFDC-5CCB-42B7-AA2D-B8052DCD460F}.Release|Any CPU.Build.0 = Release|Any CPU
		{79F5523B-B6E2-46B5-95E9-AD1F1A1055B1}.Debug|Any CPU.ActiveCfg = Debug|Any CPU
		{79F5523B-B6E2-46B5-95E9-AD1F1A1055B1}.Debug|Any CPU.Build.0 = Debug|Any CPU
		{79F5523B-B6E2-46B5-95E9-AD1F1A1055B1}.Release|Any CPU.ActiveCfg = Release|Any CPU
		{79F5523B-B6E2-46B5-95E9-AD1F1A1055B1}.Release|Any CPU.Build.0 = Release|Any CPU
	EndGlobalSection
	GlobalSection(SolutionProperties) = preSolution
		HideSolutionNode = FALSE
	EndGlobalSection
	GlobalSection(ExtensibilityGlobals) = postSolution
		SolutionGuid = {00A389E9-8715-4A86-AFBB-46E3A05B0CF9}
	EndGlobalSection
EndGlobal
